
Microsoft Visual Studio Solution File, Format Version 12.00
# Visual Studio Version 16
VisualStudioVersion = 16.0.30011.22
MinimumVisualStudioVersion = 10.0.40219.1
Project("{FAE04EC0-301F-11D3-BF4B-00C04F79EFBC}") = "BankingSystem", "BankingSystem\BankingSystem.csproj", "{37EBF2C3-AC63-4D7C-A675-544958B1B363}"
EndProject
Project("{FAE04EC0-301F-11D3-BF4B-00C04F79EFBC}") = "ComandLib", "ComandLib\ComandLib.csproj", "{C0F68302-732B-49FE-BB27-7832B6B3613F}"
EndProject
Project("{FAE04EC0-301F-11D3-BF4B-00C04F79EFBC}") = "PropertiesChangedLib", "PropertiesChangedLib\PropertiesChangedLib.csproj", "{D5250AA0-57C0-45D1-9760-5ADE89505968}"
EndProject
Project("{FAE04EC0-301F-11D3-BF4B-00C04F79EFBC}") = "EnumsLib", "EnumsLib\EnumsLib.csproj", "{EA085702-4D9F-408D-84F4-9528C67B9560}"
EndProject
Project("{FAE04EC0-301F-11D3-BF4B-00C04F79EFBC}") = "MyExceptionsLib", "MyExceptionsLib\MyExceptionsLib.csproj", "{A0E085B5-D2EB-4B31-90CC-61D7139F6CAF}"
EndProject
Project("{FAE04EC0-301F-11D3-BF4B-00C04F79EFBC}") = "ClientClassesLib", "ClientClassesLib\ClientClassesLib.csproj", "{B32FBFD3-B73A-4BF0-BF33-FE3D66B1B4E6}"
EndProject
Project("{FAE04EC0-301F-11D3-BF4B-00C04F79EFBC}") = "MultiThreadTest", "MultiThreadTest\MultiThreadTest.csproj", "{DFA86F0B-80F4-48E8-AEE6-14D7CEBAB5D4}"
EndProject
Global
	GlobalSection(SolutionConfigurationPlatforms) = preSolution
		Debug|Any CPU = Debug|Any CPU
		Release|Any CPU = Release|Any CPU
	EndGlobalSection
	GlobalSection(ProjectConfigurationPlatforms) = postSolution
		{37EBF2C3-AC63-4D7C-A675-544958B1B363}.Debug|Any CPU.ActiveCfg = Debug|Any CPU
		{37EBF2C3-AC63-4D7C-A675-544958B1B363}.Debug|Any CPU.Build.0 = Debug|Any CPU
		{37EBF2C3-AC63-4D7C-A675-544958B1B363}.Release|Any CPU.ActiveCfg = Release|Any CPU
		{37EBF2C3-AC63-4D7C-A675-544958B1B363}.Release|Any CPU.Build.0 = Release|Any CPU
		{C0F68302-732B-49FE-BB27-7832B6B3613F}.Debug|Any CPU.ActiveCfg = Debug|Any CPU
		{C0F68302-732B-49FE-BB27-7832B6B3613F}.Debug|Any CPU.Build.0 = Debug|Any CPU
		{C0F68302-732B-49FE-BB27-7832B6B3613F}.Release|Any CPU.ActiveCfg = Release|Any CPU
		{C0F68302-732B-49FE-BB27-7832B6B3613F}.Release|Any CPU.Build.0 = Release|Any CPU
		{D5250AA0-57C0-45D1-9760-5ADE89505968}.Debug|Any CPU.ActiveCfg = Debug|Any CPU
		{D5250AA0-57C0-45D1-9760-5ADE89505968}.Debug|Any CPU.Build.0 = Debug|Any CPU
		{D5250AA0-57C0-45D1-9760-5ADE89505968}.Release|Any CPU.ActiveCfg = Release|Any CPU
		{D5250AA0-57C0-45D1-9760-5ADE89505968}.Release|Any CPU.Build.0 = Release|Any CPU
		{EA085702-4D9F-408D-84F4-9528C67B9560}.Debug|Any CPU.ActiveCfg = Debug|Any CPU
		{EA085702-4D9F-408D-84F4-9528C67B9560}.Debug|Any CPU.Build.0 = Debug|Any CPU
		{EA085702-4D9F-408D-84F4-9528C67B9560}.Release|Any CPU.ActiveCfg = Release|Any CPU
		{EA085702-4D9F-408D-84F4-9528C67B9560}.Release|Any CPU.Build.0 = Release|Any CPU
		{A0E085B5-D2EB-4B31-90CC-61D7139F6CAF}.Debug|Any CPU.ActiveCfg = Debug|Any CPU
		{A0E085B5-D2EB-4B31-90CC-61D7139F6CAF}.Debug|Any CPU.Build.0 = Debug|Any CPU
		{A0E085B5-D2EB-4B31-90CC-61D7139F6CAF}.Release|Any CPU.ActiveCfg = Release|Any CPU
		{A0E085B5-D2EB-4B31-90CC-61D7139F6CAF}.Release|Any CPU.Build.0 = Release|Any CPU
		{B32FBFD3-B73A-4BF0-BF33-FE3D66B1B4E6}.Debug|Any CPU.ActiveCfg = Debug|Any CPU
		{B32FBFD3-B73A-4BF0-BF33-FE3D66B1B4E6}.Debug|Any CPU.Build.0 = Debug|Any CPU
		{B32FBFD3-B73A-4BF0-BF33-FE3D66B1B4E6}.Release|Any CPU.ActiveCfg = Release|Any CPU
		{B32FBFD3-B73A-4BF0-BF33-FE3D66B1B4E6}.Release|Any CPU.Build.0 = Release|Any CPU
		{DFA86F0B-80F4-48E8-AEE6-14D7CEBAB5D4}.Debug|Any CPU.ActiveCfg = Debug|Any CPU
		{DFA86F0B-80F4-48E8-AEE6-14D7CEBAB5D4}.Debug|Any CPU.Build.0 = Debug|Any CPU
		{DFA86F0B-80F4-48E8-AEE6-14D7CEBAB5D4}.Release|Any CPU.ActiveCfg = Release|Any CPU
		{DFA86F0B-80F4-48E8-AEE6-14D7CEBAB5D4}.Release|Any CPU.Build.0 = Release|Any CPU
	EndGlobalSection
	GlobalSection(SolutionProperties) = preSolution
		HideSolutionNode = FALSE
	EndGlobalSection
	GlobalSection(ExtensibilityGlobals) = postSolution
		SolutionGuid = {E267AEC2-713B-44E9-A845-28376512EBF2}
	EndGlobalSection
EndGlobal
